
Microsoft Visual Studio Solution File, Format Version 12.00
# Visual Studio Version 17
VisualStudioVersion = 17.7.34221.43
MinimumVisualStudioVersion = 10.0.40219.1
Project("{9A19103F-16F7-4668-BE54-9A1E7A4F7556}") = "UniversityCompetition", "UniversityCompetition.csproj", "{486A3285-59F1-4507-B918-558D12EF084E}"
EndProject
Global
	GlobalSection(SolutionConfigurationPlatforms) = preSolution
		Debug|Any CPU = Debug|Any CPU
		Release|Any CPU = Release|Any CPU
	EndGlobalSection
	GlobalSection(ProjectConfigurationPlatforms) = postSolution
		{486A3285-59F1-4507-B918-558D12EF084E}.Debug|Any CPU.ActiveCfg = Debug|Any CPU
		{486A3285-59F1-4507-B918-558D12EF084E}.Debug|Any CPU.Build.0 = Debug|Any CPU
		{486A3285-59F1-4507-B918-558D12EF084E}.Release|Any CPU.ActiveCfg = Release|Any CPU
		{486A3285-59F1-4507-B918-558D12EF084E}.Release|Any CPU.Build.0 = Release|Any CPU
	EndGlobalSection
	GlobalSection(SolutionProperties) = preSolution
		HideSolutionNode = FALSE
	EndGlobalSection
	GlobalSection(ExtensibilityGlobals) = postSolution
		SolutionGuid = {2539F24E-8840-49B5-ADE9-D7552CFCFF0C}
	EndGlobalSection
EndGlobal
